
Microsoft Visual Studio Solution File, Format Version 12.00
# Visual Studio Version 16
VisualStudioVersion = 16.0.32126.315
MinimumVisualStudioVersion = 10.0.40219.1
Project("{2150E333-8FDC-42A3-9474-1A3956D46DE8}") = "Section 1", "Section 1", "{473BF733-C067-4246-9CCD-7B394330FA6B}"
EndProject
Project("{FAE04EC0-301F-11D3-BF4B-00C04F79EFBC}") = "1. Classes", "Classes\1. Classes.csproj", "{7B0DBE4C-BB69-4E57-9F49-DF9E83EDC941}"
EndProject
Project("{FAE04EC0-301F-11D3-BF4B-00C04F79EFBC}") = "2. Constructors", "Constructors\2. Constructors.csproj", "{D2A42C5B-CA50-4C30-B656-9323D97C6632}"
EndProject
Project("{FAE04EC0-301F-11D3-BF4B-00C04F79EFBC}") = "3. Object Initializers", "Object Initializers\3. Object Initializers.csproj", "{750B8FC2-8935-4346-A1F9-29F5BE055C07}"
EndProject
Project("{FAE04EC0-301F-11D3-BF4B-00C04F79EFBC}") = "4. Methods", "Methods\4. Methods.csproj", "{B505ADB3-2F07-4924-855B-D49DF9BBED78}"
EndProject
Project("{FAE04EC0-301F-11D3-BF4B-00C04F79EFBC}") = "5. Fields", "Fields\5. Fields.csproj", "{6933C7D8-9DE4-4500-B28F-313A544EB997}"
EndProject
Project("{FAE04EC0-301F-11D3-BF4B-00C04F79EFBC}") = "6. Access Modifiers", "Access Modifiers\6. Access Modifiers.csproj", "{C0726CE7-FB83-4892-98FE-4ED03B714237}"
EndProject
Project("{FAE04EC0-301F-11D3-BF4B-00C04F79EFBC}") = "7. Properties", "Properties\7. Properties.csproj", "{C92C2207-8AE9-4A8D-B4B0-9D0F10D05169}"
EndProject
Project("{FAE04EC0-301F-11D3-BF4B-00C04F79EFBC}") = "8. Indexers", "Indexers\8. Indexers.csproj", "{E56822EE-63E2-45C9-9F3C-E1C703585886}"
EndProject
Project("{FAE04EC0-301F-11D3-BF4B-00C04F79EFBC}") = "Exercise 1 Design a Stopwatch", "Exercise 1 Design a Stopwatch\Exercise 1 Design a Stopwatch.csproj", "{1B47CC71-6D68-4F1A-AAC7-CFEC8239103F}"
EndProject
Global
	GlobalSection(SolutionConfigurationPlatforms) = preSolution
		Debug|Any CPU = Debug|Any CPU
		Release|Any CPU = Release|Any CPU
	EndGlobalSection
	GlobalSection(ProjectConfigurationPlatforms) = postSolution
		{7B0DBE4C-BB69-4E57-9F49-DF9E83EDC941}.Debug|Any CPU.ActiveCfg = Debug|Any CPU
		{7B0DBE4C-BB69-4E57-9F49-DF9E83EDC941}.Debug|Any CPU.Build.0 = Debug|Any CPU
		{7B0DBE4C-BB69-4E57-9F49-DF9E83EDC941}.Release|Any CPU.ActiveCfg = Release|Any CPU
		{7B0DBE4C-BB69-4E57-9F49-DF9E83EDC941}.Release|Any CPU.Build.0 = Release|Any CPU
		{D2A42C5B-CA50-4C30-B656-9323D97C6632}.Debug|Any CPU.ActiveCfg = Debug|Any CPU
		{D2A42C5B-CA50-4C30-B656-9323D97C6632}.Debug|Any CPU.Build.0 = Debug|Any CPU
		{D2A42C5B-CA50-4C30-B656-9323D97C6632}.Release|Any CPU.ActiveCfg = Release|Any CPU
		{D2A42C5B-CA50-4C30-B656-9323D97C6632}.Release|Any CPU.Build.0 = Release|Any CPU
		{750B8FC2-8935-4346-A1F9-29F5BE055C07}.Debug|Any CPU.ActiveCfg = Debug|Any CPU
		{750B8FC2-8935-4346-A1F9-29F5BE055C07}.Debug|Any CPU.Build.0 = Debug|Any CPU
		{750B8FC2-8935-4346-A1F9-29F5BE055C07}.Release|Any CPU.ActiveCfg = Release|Any CPU
		{750B8FC2-8935-4346-A1F9-29F5BE055C07}.Release|Any CPU.Build.0 = Release|Any CPU
		{B505ADB3-2F07-4924-855B-D49DF9BBED78}.Debug|Any CPU.ActiveCfg = Debug|Any CPU
		{B505ADB3-2F07-4924-855B-D49DF9BBED78}.Debug|Any CPU.Build.0 = Debug|Any CPU
		{B505ADB3-2F07-4924-855B-D49DF9BBED78}.Release|Any CPU.ActiveCfg = Release|Any CPU
		{B505ADB3-2F07-4924-855B-D49DF9BBED78}.Release|Any CPU.Build.0 = Release|Any CPU
		{6933C7D8-9DE4-4500-B28F-313A544EB997}.Debug|Any CPU.ActiveCfg = Debug|Any CPU
		{6933C7D8-9DE4-4500-B28F-313A544EB997}.Debug|Any CPU.Build.0 = Debug|Any CPU
		{6933C7D8-9DE4-4500-B28F-313A544EB997}.Release|Any CPU.ActiveCfg = Release|Any CPU
		{6933C7D8-9DE4-4500-B28F-313A544EB997}.Release|Any CPU.Build.0 = Release|Any CPU
		{C0726CE7-FB83-4892-98FE-4ED03B714237}.Debug|Any CPU.ActiveCfg = Debug|Any CPU
		{C0726CE7-FB83-4892-98FE-4ED03B714237}.Debug|Any CPU.Build.0 = Debug|Any CPU
		{C0726CE7-FB83-4892-98FE-4ED03B714237}.Release|Any CPU.ActiveCfg = Release|Any CPU
		{C0726CE7-FB83-4892-98FE-4ED03B714237}.Release|Any CPU.Build.0 = Release|Any CPU
		{C92C2207-8AE9-4A8D-B4B0-9D0F10D05169}.Debug|Any CPU.ActiveCfg = Debug|Any CPU
		{C92C2207-8AE9-4A8D-B4B0-9D0F10D05169}.Debug|Any CPU.Build.0 = Debug|Any CPU
		{C92C2207-8AE9-4A8D-B4B0-9D0F10D05169}.Release|Any CPU.ActiveCfg = Release|Any CPU
		{C92C2207-8AE9-4A8D-B4B0-9D0F10D05169}.Release|Any CPU.Build.0 = Release|Any CPU
		{E56822EE-63E2-45C9-9F3C-E1C703585886}.Debug|Any CPU.ActiveCfg = Debug|Any CPU
		{E56822EE-63E2-45C9-9F3C-E1C703585886}.Debug|Any CPU.Build.0 = Debug|Any CPU
		{E56822EE-63E2-45C9-9F3C-E1C703585886}.Release|Any CPU.ActiveCfg = Release|Any CPU
		{E56822EE-63E2-45C9-9F3C-E1C703585886}.Release|Any CPU.Build.0 = Release|Any CPU
		{1B47CC71-6D68-4F1A-AAC7-CFEC8239103F}.Debug|Any CPU.ActiveCfg = Debug|Any CPU
		{1B47CC71-6D68-4F1A-AAC7-CFEC8239103F}.Debug|Any CPU.Build.0 = Debug|Any CPU
		{1B47CC71-6D68-4F1A-AAC7-CFEC8239103F}.Release|Any CPU.ActiveCfg = Release|Any CPU
		{1B47CC71-6D68-4F1A-AAC7-CFEC8239103F}.Release|Any CPU.Build.0 = Release|Any CPU
	EndGlobalSection
	GlobalSection(SolutionProperties) = preSolution
		HideSolutionNode = FALSE
	EndGlobalSection
	GlobalSection(NestedProjects) = preSolution
		{7B0DBE4C-BB69-4E57-9F49-DF9E83EDC941} = {473BF733-C067-4246-9CCD-7B394330FA6B}
		{D2A42C5B-CA50-4C30-B656-9323D97C6632} = {473BF733-C067-4246-9CCD-7B394330FA6B}
		{750B8FC2-8935-4346-A1F9-29F5BE055C07} = {473BF733-C067-4246-9CCD-7B394330FA6B}
		{B505ADB3-2F07-4924-855B-D49DF9BBED78} = {473BF733-C067-4246-9CCD-7B394330FA6B}
		{6933C7D8-9DE4-4500-B28F-313A544EB997} = {473BF733-C067-4246-9CCD-7B394330FA6B}
		{C0726CE7-FB83-4892-98FE-4ED03B714237} = {473BF733-C067-4246-9CCD-7B394330FA6B}
		{C92C2207-8AE9-4A8D-B4B0-9D0F10D05169} = {473BF733-C067-4246-9CCD-7B394330FA6B}
		{E56822EE-63E2-45C9-9F3C-E1C703585886} = {473BF733-C067-4246-9CCD-7B394330FA6B}
		{1B47CC71-6D68-4F1A-AAC7-CFEC8239103F} = {473BF733-C067-4246-9CCD-7B394330FA6B}
	EndGlobalSection
	GlobalSection(ExtensibilityGlobals) = postSolution
		SolutionGuid = {26B9F6A7-2FD4-4302-BE0E-E84B3794B9E3}
	EndGlobalSection
EndGlobal
