
Microsoft Visual Studio Solution File, Format Version 12.00
# Visual Studio Version 16
VisualStudioVersion = 16.0.32126.315
MinimumVisualStudioVersion = 10.0.40219.1
Project("{2150E333-8FDC-42A3-9474-1A3956D46DE8}") = "1. Class", "1. Class", "{473BF733-C067-4246-9CCD-7B394330FA6B}"
EndProject
Project("{9A19103F-16F7-4668-BE54-9A1E7A4F7556}") = "1. Classes", "Classes\1. Classes.csproj", "{7B0DBE4C-BB69-4E57-9F49-DF9E83EDC941}"
EndProject
Project("{9A19103F-16F7-4668-BE54-9A1E7A4F7556}") = "2. Constructors", "Constructors\2. Constructors.csproj", "{D2A42C5B-CA50-4C30-B656-9323D97C6632}"
EndProject
Project("{9A19103F-16F7-4668-BE54-9A1E7A4F7556}") = "3. Object Initializers", "Object Initializers\3. Object Initializers.csproj", "{750B8FC2-8935-4346-A1F9-29F5BE055C07}"
EndProject
Project("{9A19103F-16F7-4668-BE54-9A1E7A4F7556}") = "4. Methods", "Methods\4. Methods.csproj", "{B505ADB3-2F07-4924-855B-D49DF9BBED78}"
EndProject
Project("{9A19103F-16F7-4668-BE54-9A1E7A4F7556}") = "5. Fields", "Fields\5. Fields.csproj", "{6933C7D8-9DE4-4500-B28F-313A544EB997}"
EndProject
Project("{9A19103F-16F7-4668-BE54-9A1E7A4F7556}") = "6. Access Modifiers", "Access Modifiers\6. Access Modifiers.csproj", "{C0726CE7-FB83-4892-98FE-4ED03B714237}"
EndProject
Project("{9A19103F-16F7-4668-BE54-9A1E7A4F7556}") = "7. Properties", "Properties\7. Properties.csproj", "{C92C2207-8AE9-4A8D-B4B0-9D0F10D05169}"
EndProject
Project("{9A19103F-16F7-4668-BE54-9A1E7A4F7556}") = "8. Indexers", "Indexers\8. Indexers.csproj", "{E56822EE-63E2-45C9-9F3C-E1C703585886}"
EndProject
Project("{9A19103F-16F7-4668-BE54-9A1E7A4F7556}") = "Exercise 1 Design a Stopwatch", "Exercise 1 Design a Stopwatch\Exercise 1 Design a Stopwatch.csproj", "{1B47CC71-6D68-4F1A-AAC7-CFEC8239103F}"
EndProject
Project("{2150E333-8FDC-42A3-9474-1A3956D46DE8}") = "2. Association between Classes", "2. Association between Classes", "{3993146A-F3A5-4A82-B77D-CE70D4CF0006}"
EndProject
Project("{9A19103F-16F7-4668-BE54-9A1E7A4F7556}") = "9. Inheritance", "Inheritance\9. Inheritance.csproj", "{BD4FFE5B-319F-41D7-BB19-29ADB78334B2}"
EndProject
Project("{9A19103F-16F7-4668-BE54-9A1E7A4F7556}") = "10. Composition", "Composition\10. Composition.csproj", "{22FE82A1-B658-4236-96A3-586BF2EE3ADE}"
EndProject
Project("{2150E333-8FDC-42A3-9474-1A3956D46DE8}") = "3. Inheritance - Second Pillar of OOP", "3. Inheritance - Second Pillar of OOP", "{518F0BD7-7BF4-428E-95CC-1C350627547B}"
EndProject
Project("{2150E333-8FDC-42A3-9474-1A3956D46DE8}") = "11. Access Modifiers", "11. Access Modifiers", "{1FEFF2FE-DDFF-41E6-B9C1-6A36CF11B268}"
EndProject
Project("{9A19103F-16F7-4668-BE54-9A1E7A4F7556}") = "11. AccessModifiers", "AccessModifiers\11. AccessModifiers.csproj", "{77F4015D-AE1B-475D-B174-39820AFA811F}"
EndProject
Project("{9A19103F-16F7-4668-BE54-9A1E7A4F7556}") = "11. Amazon", "Amazon\11. Amazon.csproj", "{CB8EB2A5-27B6-45A5-B64C-07BFFB814C5E}"
EndProject
Project("{9A19103F-16F7-4668-BE54-9A1E7A4F7556}") = "12. Constructors and Inheritance", "Constructors and Inheritance\12. Constructors and Inheritance.csproj", "{04045FDF-014C-4557-9683-CFF618C6C39C}"
EndProject
Project("{FAE04EC0-301F-11D3-BF4B-00C04F79EFBC}") = "13. Upcasting and Downcasting", "Upcasting and Downcasting\13. Upcasting and Downcasting.csproj", "{0885C47C-5350-42C9-8E9D-D1C53F3CDBB0}"
EndProject
Project("{2150E333-8FDC-42A3-9474-1A3956D46DE8}") = "13. Upcasting and Downcasting", "13. Upcasting and Downcasting", "{DC2CF192-F6AD-4B68-A64C-E44777DB2619}"
EndProject
Project("{2150E333-8FDC-42A3-9474-1A3956D46DE8}") = "12. Constructors and Inheritance", "12. Constructors and Inheritance", "{8A1C47C2-DD35-475E-8916-942050732FD7}"
EndProject
Project("{FAE04EC0-301F-11D3-BF4B-00C04F79EFBC}") = "WpfApp1", "WpfApp1\WpfApp1.csproj", "{43671630-20EB-4109-B899-17E6A7EDF064}"
EndProject
Project("{2150E333-8FDC-42A3-9474-1A3956D46DE8}") = "14. Boxing and Unboxing", "14. Boxing and Unboxing", "{EC41183E-26B0-4550-AB8C-A636D1AEDC1A}"
EndProject
Project("{FAE04EC0-301F-11D3-BF4B-00C04F79EFBC}") = "14. Boxing and Unboxing", "Boxing and Unboxing\14. Boxing and Unboxing.csproj", "{49759C92-8CEE-4A8B-9514-23F574437A6B}"
EndProject
Global
	GlobalSection(SolutionConfigurationPlatforms) = preSolution
		Debug|Any CPU = Debug|Any CPU
		Release|Any CPU = Release|Any CPU
	EndGlobalSection
	GlobalSection(ProjectConfigurationPlatforms) = postSolution
		{7B0DBE4C-BB69-4E57-9F49-DF9E83EDC941}.Debug|Any CPU.ActiveCfg = Debug|Any CPU
		{7B0DBE4C-BB69-4E57-9F49-DF9E83EDC941}.Debug|Any CPU.Build.0 = Debug|Any CPU
		{7B0DBE4C-BB69-4E57-9F49-DF9E83EDC941}.Release|Any CPU.ActiveCfg = Release|Any CPU
		{7B0DBE4C-BB69-4E57-9F49-DF9E83EDC941}.Release|Any CPU.Build.0 = Release|Any CPU
		{D2A42C5B-CA50-4C30-B656-9323D97C6632}.Debug|Any CPU.ActiveCfg = Debug|Any CPU
		{D2A42C5B-CA50-4C30-B656-9323D97C6632}.Debug|Any CPU.Build.0 = Debug|Any CPU
		{D2A42C5B-CA50-4C30-B656-9323D97C6632}.Release|Any CPU.ActiveCfg = Release|Any CPU
		{D2A42C5B-CA50-4C30-B656-9323D97C6632}.Release|Any CPU.Build.0 = Release|Any CPU
		{750B8FC2-8935-4346-A1F9-29F5BE055C07}.Debug|Any CPU.ActiveCfg = Debug|Any CPU
		{750B8FC2-8935-4346-A1F9-29F5BE055C07}.Debug|Any CPU.Build.0 = Debug|Any CPU
		{750B8FC2-8935-4346-A1F9-29F5BE055C07}.Release|Any CPU.ActiveCfg = Release|Any CPU
		{750B8FC2-8935-4346-A1F9-29F5BE055C07}.Release|Any CPU.Build.0 = Release|Any CPU
		{B505ADB3-2F07-4924-855B-D49DF9BBED78}.Debug|Any CPU.ActiveCfg = Debug|Any CPU
		{B505ADB3-2F07-4924-855B-D49DF9BBED78}.Debug|Any CPU.Build.0 = Debug|Any CPU
		{B505ADB3-2F07-4924-855B-D49DF9BBED78}.Release|Any CPU.ActiveCfg = Release|Any CPU
		{B505ADB3-2F07-4924-855B-D49DF9BBED78}.Release|Any CPU.Build.0 = Release|Any CPU
		{6933C7D8-9DE4-4500-B28F-313A544EB997}.Debug|Any CPU.ActiveCfg = Debug|Any CPU
		{6933C7D8-9DE4-4500-B28F-313A544EB997}.Debug|Any CPU.Build.0 = Debug|Any CPU
		{6933C7D8-9DE4-4500-B28F-313A544EB997}.Release|Any CPU.ActiveCfg = Release|Any CPU
		{6933C7D8-9DE4-4500-B28F-313A544EB997}.Release|Any CPU.Build.0 = Release|Any CPU
		{C0726CE7-FB83-4892-98FE-4ED03B714237}.Debug|Any CPU.ActiveCfg = Debug|Any CPU
		{C0726CE7-FB83-4892-98FE-4ED03B714237}.Debug|Any CPU.Build.0 = Debug|Any CPU
		{C0726CE7-FB83-4892-98FE-4ED03B714237}.Release|Any CPU.ActiveCfg = Release|Any CPU
		{C0726CE7-FB83-4892-98FE-4ED03B714237}.Release|Any CPU.Build.0 = Release|Any CPU
		{C92C2207-8AE9-4A8D-B4B0-9D0F10D05169}.Debug|Any CPU.ActiveCfg = Debug|Any CPU
		{C92C2207-8AE9-4A8D-B4B0-9D0F10D05169}.Debug|Any CPU.Build.0 = Debug|Any CPU
		{C92C2207-8AE9-4A8D-B4B0-9D0F10D05169}.Release|Any CPU.ActiveCfg = Release|Any CPU
		{C92C2207-8AE9-4A8D-B4B0-9D0F10D05169}.Release|Any CPU.Build.0 = Release|Any CPU
		{E56822EE-63E2-45C9-9F3C-E1C703585886}.Debug|Any CPU.ActiveCfg = Debug|Any CPU
		{E56822EE-63E2-45C9-9F3C-E1C703585886}.Debug|Any CPU.Build.0 = Debug|Any CPU
		{E56822EE-63E2-45C9-9F3C-E1C703585886}.Release|Any CPU.ActiveCfg = Release|Any CPU
		{E56822EE-63E2-45C9-9F3C-E1C703585886}.Release|Any CPU.Build.0 = Release|Any CPU
		{1B47CC71-6D68-4F1A-AAC7-CFEC8239103F}.Debug|Any CPU.ActiveCfg = Debug|Any CPU
		{1B47CC71-6D68-4F1A-AAC7-CFEC8239103F}.Debug|Any CPU.Build.0 = Debug|Any CPU
		{1B47CC71-6D68-4F1A-AAC7-CFEC8239103F}.Release|Any CPU.ActiveCfg = Release|Any CPU
		{1B47CC71-6D68-4F1A-AAC7-CFEC8239103F}.Release|Any CPU.Build.0 = Release|Any CPU
		{BD4FFE5B-319F-41D7-BB19-29ADB78334B2}.Debug|Any CPU.ActiveCfg = Debug|Any CPU
		{BD4FFE5B-319F-41D7-BB19-29ADB78334B2}.Debug|Any CPU.Build.0 = Debug|Any CPU
		{BD4FFE5B-319F-41D7-BB19-29ADB78334B2}.Release|Any CPU.ActiveCfg = Release|Any CPU
		{BD4FFE5B-319F-41D7-BB19-29ADB78334B2}.Release|Any CPU.Build.0 = Release|Any CPU
		{22FE82A1-B658-4236-96A3-586BF2EE3ADE}.Debug|Any CPU.ActiveCfg = Debug|Any CPU
		{22FE82A1-B658-4236-96A3-586BF2EE3ADE}.Debug|Any CPU.Build.0 = Debug|Any CPU
		{22FE82A1-B658-4236-96A3-586BF2EE3ADE}.Release|Any CPU.ActiveCfg = Release|Any CPU
		{22FE82A1-B658-4236-96A3-586BF2EE3ADE}.Release|Any CPU.Build.0 = Release|Any CPU
		{77F4015D-AE1B-475D-B174-39820AFA811F}.Debug|Any CPU.ActiveCfg = Debug|Any CPU
		{77F4015D-AE1B-475D-B174-39820AFA811F}.Debug|Any CPU.Build.0 = Debug|Any CPU
		{77F4015D-AE1B-475D-B174-39820AFA811F}.Release|Any CPU.ActiveCfg = Release|Any CPU
		{77F4015D-AE1B-475D-B174-39820AFA811F}.Release|Any CPU.Build.0 = Release|Any CPU
		{CB8EB2A5-27B6-45A5-B64C-07BFFB814C5E}.Debug|Any CPU.ActiveCfg = Debug|Any CPU
		{CB8EB2A5-27B6-45A5-B64C-07BFFB814C5E}.Debug|Any CPU.Build.0 = Debug|Any CPU
		{CB8EB2A5-27B6-45A5-B64C-07BFFB814C5E}.Release|Any CPU.ActiveCfg = Release|Any CPU
		{CB8EB2A5-27B6-45A5-B64C-07BFFB814C5E}.Release|Any CPU.Build.0 = Release|Any CPU
		{04045FDF-014C-4557-9683-CFF618C6C39C}.Debug|Any CPU.ActiveCfg = Debug|Any CPU
		{04045FDF-014C-4557-9683-CFF618C6C39C}.Debug|Any CPU.Build.0 = Debug|Any CPU
		{04045FDF-014C-4557-9683-CFF618C6C39C}.Release|Any CPU.ActiveCfg = Release|Any CPU
		{04045FDF-014C-4557-9683-CFF618C6C39C}.Release|Any CPU.Build.0 = Release|Any CPU
		{0885C47C-5350-42C9-8E9D-D1C53F3CDBB0}.Debug|Any CPU.ActiveCfg = Debug|Any CPU
		{0885C47C-5350-42C9-8E9D-D1C53F3CDBB0}.Debug|Any CPU.Build.0 = Debug|Any CPU
		{0885C47C-5350-42C9-8E9D-D1C53F3CDBB0}.Release|Any CPU.ActiveCfg = Release|Any CPU
		{0885C47C-5350-42C9-8E9D-D1C53F3CDBB0}.Release|Any CPU.Build.0 = Release|Any CPU
		{43671630-20EB-4109-B899-17E6A7EDF064}.Debug|Any CPU.ActiveCfg = Debug|Any CPU
		{43671630-20EB-4109-B899-17E6A7EDF064}.Debug|Any CPU.Build.0 = Debug|Any CPU
		{43671630-20EB-4109-B899-17E6A7EDF064}.Release|Any CPU.ActiveCfg = Release|Any CPU
		{43671630-20EB-4109-B899-17E6A7EDF064}.Release|Any CPU.Build.0 = Release|Any CPU
		{49759C92-8CEE-4A8B-9514-23F574437A6B}.Debug|Any CPU.ActiveCfg = Debug|Any CPU
		{49759C92-8CEE-4A8B-9514-23F574437A6B}.Debug|Any CPU.Build.0 = Debug|Any CPU
		{49759C92-8CEE-4A8B-9514-23F574437A6B}.Release|Any CPU.ActiveCfg = Release|Any CPU
		{49759C92-8CEE-4A8B-9514-23F574437A6B}.Release|Any CPU.Build.0 = Release|Any CPU
	EndGlobalSection
	GlobalSection(SolutionProperties) = preSolution
		HideSolutionNode = FALSE
	EndGlobalSection
	GlobalSection(NestedProjects) = preSolution
		{7B0DBE4C-BB69-4E57-9F49-DF9E83EDC941} = {473BF733-C067-4246-9CCD-7B394330FA6B}
		{D2A42C5B-CA50-4C30-B656-9323D97C6632} = {473BF733-C067-4246-9CCD-7B394330FA6B}
		{750B8FC2-8935-4346-A1F9-29F5BE055C07} = {473BF733-C067-4246-9CCD-7B394330FA6B}
		{B505ADB3-2F07-4924-855B-D49DF9BBED78} = {473BF733-C067-4246-9CCD-7B394330FA6B}
		{6933C7D8-9DE4-4500-B28F-313A544EB997} = {473BF733-C067-4246-9CCD-7B394330FA6B}
		{C0726CE7-FB83-4892-98FE-4ED03B714237} = {473BF733-C067-4246-9CCD-7B394330FA6B}
		{C92C2207-8AE9-4A8D-B4B0-9D0F10D05169} = {473BF733-C067-4246-9CCD-7B394330FA6B}
		{E56822EE-63E2-45C9-9F3C-E1C703585886} = {473BF733-C067-4246-9CCD-7B394330FA6B}
		{1B47CC71-6D68-4F1A-AAC7-CFEC8239103F} = {473BF733-C067-4246-9CCD-7B394330FA6B}
		{BD4FFE5B-319F-41D7-BB19-29ADB78334B2} = {3993146A-F3A5-4A82-B77D-CE70D4CF0006}
		{22FE82A1-B658-4236-96A3-586BF2EE3ADE} = {3993146A-F3A5-4A82-B77D-CE70D4CF0006}
		{1FEFF2FE-DDFF-41E6-B9C1-6A36CF11B268} = {518F0BD7-7BF4-428E-95CC-1C350627547B}
		{77F4015D-AE1B-475D-B174-39820AFA811F} = {1FEFF2FE-DDFF-41E6-B9C1-6A36CF11B268}
		{CB8EB2A5-27B6-45A5-B64C-07BFFB814C5E} = {1FEFF2FE-DDFF-41E6-B9C1-6A36CF11B268}
		{04045FDF-014C-4557-9683-CFF618C6C39C} = {8A1C47C2-DD35-475E-8916-942050732FD7}
		{0885C47C-5350-42C9-8E9D-D1C53F3CDBB0} = {DC2CF192-F6AD-4B68-A64C-E44777DB2619}
		{DC2CF192-F6AD-4B68-A64C-E44777DB2619} = {518F0BD7-7BF4-428E-95CC-1C350627547B}
		{8A1C47C2-DD35-475E-8916-942050732FD7} = {518F0BD7-7BF4-428E-95CC-1C350627547B}
		{43671630-20EB-4109-B899-17E6A7EDF064} = {DC2CF192-F6AD-4B68-A64C-E44777DB2619}
		{EC41183E-26B0-4550-AB8C-A636D1AEDC1A} = {518F0BD7-7BF4-428E-95CC-1C350627547B}
		{49759C92-8CEE-4A8B-9514-23F574437A6B} = {EC41183E-26B0-4550-AB8C-A636D1AEDC1A}
	EndGlobalSection
	GlobalSection(ExtensibilityGlobals) = postSolution
		SolutionGuid = {26B9F6A7-2FD4-4302-BE0E-E84B3794B9E3}
	EndGlobalSection
EndGlobal
